
Microsoft Visual Studio Solution File, Format Version 12.00
# Visual Studio Version 17
VisualStudioVersion = 17.0.31903.59
MinimumVisualStudioVersion = 10.0.40219.1
Project("{FAE04EC0-301F-11D3-BF4B-00C04F79EFBC}") = "MyPortfolio.Api", "MyPortfolio.Api\MyPortfolio.Api.csproj", "{9D3ADC83-DD62-41CC-AA38-264604E4ED76}"
EndProject
Project("{FAE04EC0-301F-11D3-BF4B-00C04F79EFBC}") = "MyPortfolio.Application", "MyPortfolio.Application\MyPortfolio.Application.csproj", "{12886340-98F3-480B-9CDA-7B7916FECF10}"
EndProject
Project("{FAE04EC0-301F-11D3-BF4B-00C04F79EFBC}") = "MyPortfolio.Domain", "MyPortfolio.Domain\MyPortfolio.Domain.csproj", "{12474FC2-4D54-42C0-95D5-F4A9FCFF8F9C}"
EndProject
Project("{FAE04EC0-301F-11D3-BF4B-00C04F79EFBC}") = "MyPortfolio.Infrastructure", "MyPortfolio.Infrastructure\MyPortfolio.Infrastructure.csproj", "{497287AC-B817-4CB3-81EE-C3DEEA68D268}"
EndProject
Project("{FAE04EC0-301F-11D3-BF4B-00C04F79EFBC}") = "MyPortfolio.Tests", "MyPortfolio.Tests\MyPortfolio.Tests.csproj", "{45CCF502-E31D-471D-9430-80882280FB0E}"
EndProject
Global
	GlobalSection(SolutionConfigurationPlatforms) = preSolution
		Debug|Any CPU = Debug|Any CPU
		Debug|x64 = Debug|x64
		Debug|x86 = Debug|x86
		Release|Any CPU = Release|Any CPU
		Release|x64 = Release|x64
		Release|x86 = Release|x86
	EndGlobalSection
	GlobalSection(ProjectConfigurationPlatforms) = postSolution
		{9D3ADC83-DD62-41CC-AA38-264604E4ED76}.Debug|Any CPU.ActiveCfg = Debug|Any CPU
		{9D3ADC83-DD62-41CC-AA38-264604E4ED76}.Debug|Any CPU.Build.0 = Debug|Any CPU
		{9D3ADC83-DD62-41CC-AA38-264604E4ED76}.Debug|x64.ActiveCfg = Debug|Any CPU
		{9D3ADC83-DD62-41CC-AA38-264604E4ED76}.Debug|x64.Build.0 = Debug|Any CPU
		{9D3ADC83-DD62-41CC-AA38-264604E4ED76}.Debug|x86.ActiveCfg = Debug|Any CPU
		{9D3ADC83-DD62-41CC-AA38-264604E4ED76}.Debug|x86.Build.0 = Debug|Any CPU
		{9D3ADC83-DD62-41CC-AA38-264604E4ED76}.Release|Any CPU.ActiveCfg = Release|Any CPU
		{9D3ADC83-DD62-41CC-AA38-264604E4ED76}.Release|Any CPU.Build.0 = Release|Any CPU
		{9D3ADC83-DD62-41CC-AA38-264604E4ED76}.Release|x64.ActiveCfg = Release|Any CPU
		{9D3ADC83-DD62-41CC-AA38-264604E4ED76}.Release|x64.Build.0 = Release|Any CPU
		{9D3ADC83-DD62-41CC-AA38-264604E4ED76}.Release|x86.ActiveCfg = Release|Any CPU
		{9D3ADC83-DD62-41CC-AA38-264604E4ED76}.Release|x86.Build.0 = Release|Any CPU
		{12886340-98F3-480B-9CDA-7B7916FECF10}.Debug|Any CPU.ActiveCfg = Debug|Any CPU
		{12886340-98F3-480B-9CDA-7B7916FECF10}.Debug|Any CPU.Build.0 = Debug|Any CPU
		{12886340-98F3-480B-9CDA-7B7916FECF10}.Debug|x64.ActiveCfg = Debug|Any CPU
		{12886340-98F3-480B-9CDA-7B7916FECF10}.Debug|x64.Build.0 = Debug|Any CPU
		{12886340-98F3-480B-9CDA-7B7916FECF10}.Debug|x86.ActiveCfg = Debug|Any CPU
		{12886340-98F3-480B-9CDA-7B7916FECF10}.Debug|x86.Build.0 = Debug|Any CPU
		{12886340-98F3-480B-9CDA-7B7916FECF10}.Release|Any CPU.ActiveCfg = Release|Any CPU
		{12886340-98F3-480B-9CDA-7B7916FECF10}.Release|Any CPU.Build.0 = Release|Any CPU
		{12886340-98F3-480B-9CDA-7B7916FECF10}.Release|x64.ActiveCfg = Release|Any CPU
		{12886340-98F3-480B-9CDA-7B7916FECF10}.Release|x64.Build.0 = Release|Any CPU
		{12886340-98F3-480B-9CDA-7B7916FECF10}.Release|x86.ActiveCfg = Release|Any CPU
		{12886340-98F3-480B-9CDA-7B7916FECF10}.Release|x86.Build.0 = Release|Any CPU
		{12474FC2-4D54-42C0-95D5-F4A9FCFF8F9C}.Debug|Any CPU.ActiveCfg = Debug|Any CPU
		{12474FC2-4D54-42C0-95D5-F4A9FCFF8F9C}.Debug|Any CPU.Build.0 = Debug|Any CPU
		{12474FC2-4D54-42C0-95D5-F4A9FCFF8F9C}.Debug|x64.ActiveCfg = Debug|Any CPU
		{12474FC2-4D54-42C0-95D5-F4A9FCFF8F9C}.Debug|x64.Build.0 = Debug|Any CPU
		{12474FC2-4D54-42C0-95D5-F4A9FCFF8F9C}.Debug|x86.ActiveCfg = Debug|Any CPU
		{12474FC2-4D54-42C0-95D5-F4A9FCFF8F9C}.Debug|x86.Build.0 = Debug|Any CPU
		{12474FC2-4D54-42C0-95D5-F4A9FCFF8F9C}.Release|Any CPU.ActiveCfg = Release|Any CPU
		{12474FC2-4D54-42C0-95D5-F4A9FCFF8F9C}.Release|Any CPU.Build.0 = Release|Any CPU
		{12474FC2-4D54-42C0-95D5-F4A9FCFF8F9C}.Release|x64.ActiveCfg = Release|Any CPU
		{12474FC2-4D54-42C0-95D5-F4A9FCFF8F9C}.Release|x64.Build.0 = Release|Any CPU
		{12474FC2-4D54-42C0-95D5-F4A9FCFF8F9C}.Release|x86.ActiveCfg = Release|Any CPU
		{12474FC2-4D54-42C0-95D5-F4A9FCFF8F9C}.Release|x86.Build.0 = Release|Any CPU
		{497287AC-B817-4CB3-81EE-C3DEEA68D268}.Debug|Any CPU.ActiveCfg = Debug|Any CPU
		{497287AC-B817-4CB3-81EE-C3DEEA68D268}.Debug|Any CPU.Build.0 = Debug|Any CPU
		{497287AC-B817-4CB3-81EE-C3DEEA68D268}.Debug|x64.ActiveCfg = Debug|Any CPU
		{497287AC-B817-4CB3-81EE-C3DEEA68D268}.Debug|x64.Build.0 = Debug|Any CPU
		{497287AC-B817-4CB3-81EE-C3DEEA68D268}.Debug|x86.ActiveCfg = Debug|Any CPU
		{497287AC-B817-4CB3-81EE-C3DEEA68D268}.Debug|x86.Build.0 = Debug|Any CPU
		{497287AC-B817-4CB3-81EE-C3DEEA68D268}.Release|Any CPU.ActiveCfg = Release|Any CPU
		{497287AC-B817-4CB3-81EE-C3DEEA68D268}.Release|Any CPU.Build.0 = Release|Any CPU
		{497287AC-B817-4CB3-81EE-C3DEEA68D268}.Release|x64.ActiveCfg = Release|Any CPU
		{497287AC-B817-4CB3-81EE-C3DEEA68D268}.Release|x64.Build.0 = Release|Any CPU
		{497287AC-B817-4CB3-81EE-C3DEEA68D268}.Release|x86.ActiveCfg = Release|Any CPU
		{497287AC-B817-4CB3-81EE-C3DEEA68D268}.Release|x86.Build.0 = Release|Any CPU
		{45CCF502-E31D-471D-9430-80882280FB0E}.Debug|Any CPU.ActiveCfg = Debug|Any CPU
		{45CCF502-E31D-471D-9430-80882280FB0E}.Debug|Any CPU.Build.0 = Debug|Any CPU
		{45CCF502-E31D-471D-9430-80882280FB0E}.Debug|x64.ActiveCfg = Debug|Any CPU
		{45CCF502-E31D-471D-9430-80882280FB0E}.Debug|x64.Build.0 = Debug|Any CPU
		{45CCF502-E31D-471D-9430-80882280FB0E}.Debug|x86.ActiveCfg = Debug|Any CPU
		{45CCF502-E31D-471D-9430-80882280FB0E}.Debug|x86.Build.0 = Debug|Any CPU
		{45CCF502-E31D-471D-9430-80882280FB0E}.Release|Any CPU.ActiveCfg = Release|Any CPU
		{45CCF502-E31D-471D-9430-80882280FB0E}.Release|Any CPU.Build.0 = Release|Any CPU
		{45CCF502-E31D-471D-9430-80882280FB0E}.Release|x64.ActiveCfg = Release|Any CPU
		{45CCF502-E31D-471D-9430-80882280FB0E}.Release|x64.Build.0 = Release|Any CPU
		{45CCF502-E31D-471D-9430-80882280FB0E}.Release|x86.ActiveCfg = Release|Any CPU
		{45CCF502-E31D-471D-9430-80882280FB0E}.Release|x86.Build.0 = Release|Any CPU
	EndGlobalSection
	GlobalSection(SolutionProperties) = preSolution
		HideSolutionNode = FALSE
	EndGlobalSection
EndGlobal
